
Microsoft Visual Studio Solution File, Format Version 12.00
# Visual Studio 15
VisualStudioVersion = 15.0.27703.2026
MinimumVisualStudioVersion = 10.0.40219.1
Project("{FAE04EC0-301F-11D3-BF4B-00C04F79EFBC}") = "ProjetoLFA", "ProjetoLFA\ProjetoLFA.csproj", "{14CBF36E-DF4C-436C-94B7-53450F721684}"
EndProject
Global
	GlobalSection(SolutionConfigurationPlatforms) = preSolution
		Debug|Any CPU = Debug|Any CPU
		Release|Any CPU = Release|Any CPU
	EndGlobalSection
	GlobalSection(ProjectConfigurationPlatforms) = postSolution
		{14CBF36E-DF4C-436C-94B7-53450F721684}.Debug|Any CPU.ActiveCfg = Debug|Any CPU
		{14CBF36E-DF4C-436C-94B7-53450F721684}.Debug|Any CPU.Build.0 = Debug|Any CPU
		{14CBF36E-DF4C-436C-94B7-53450F721684}.Release|Any CPU.ActiveCfg = Release|Any CPU
		{14CBF36E-DF4C-436C-94B7-53450F721684}.Release|Any CPU.Build.0 = Release|Any CPU
	EndGlobalSection
	GlobalSection(SolutionProperties) = preSolution
		HideSolutionNode = FALSE
	EndGlobalSection
	GlobalSection(ExtensibilityGlobals) = postSolution
		SolutionGuid = {5153C16E-FA79-4983-8FF0-178E905770B4}
	EndGlobalSection
EndGlobal
